dependencies:
- name: llm-service
  repository: file://../../../../ai-architecture-charts/llm-service/helm
  version: 0.1.0
- name: llama-stack
  repository: file://../../../../ai-architecture-charts/llama-stack/helm
  version: 0.2.9
- name: pgvector
  repository: file://../../../../ai-architecture-charts/pgvector/helm
  version: 0.1.0
digest: sha256:6336aed5f32ef13c035be201d87a04696f029435c44f7f5665af3a6f05a507e8
generated: "2025-07-22T17:39:19.582671906-04:00"
